
Microsoft Visual Studio Solution File, Format Version 12.00
# Visual Studio Version 17
VisualStudioVersion = 17.0.31903.59
MinimumVisualStudioVersion = 10.0.40219.1
Project("{FAE04EC0-301F-11D3-BF4B-00C04F79EFBC}") = "Module1Assignment", "Module1Assignment.csproj", "{B2F51B39-7F41-44E5-89F3-0306C0838B8C}"
EndProject
Global
	GlobalSection(SolutionConfigurationPlatforms) = preSolution
		Debug|Any CPU = Debug|Any CPU
		Release|Any CPU = Release|Any CPU
	EndGlobalSection
	GlobalSection(SolutionProperties) = preSolution
		HideSolutionNode = FALSE
	EndGlobalSection
	GlobalSection(ProjectConfigurationPlatforms) = postSolution
		{B2F51B39-7F41-44E5-89F3-0306C0838B8C}.Debug|Any CPU.ActiveCfg = Debug|Any CPU
		{B2F51B39-7F41-44E5-89F3-0306C0838B8C}.Debug|Any CPU.Build.0 = Debug|Any CPU
		{B2F51B39-7F41-44E5-89F3-0306C0838B8C}.Release|Any CPU.ActiveCfg = Release|Any CPU
		{B2F51B39-7F41-44E5-89F3-0306C0838B8C}.Release|Any CPU.Build.0 = Release|Any CPU
	EndGlobalSection
EndGlobal
